// !$*UTF8*$!
{
	archiveVersion = 1;
	classes = {
	};
	objectVersion = 77;
	objects = {

/* Begin PBXBuildFile section */
		02E452CAC4E7A0E311B96E31 /* AgentVaultWalletApp.swift in Sources */ = {isa = PBXBuildFile; fileRef = 7C81305B565E2E66164DE768 /* AgentVaultWalletApp.swift */; };
		0BE93736849D82626EF9517E /* FileService.swift in Sources */ = {isa = PBXBuildFile; fileRef = 47BD1F82BDFCEA684D7625B2 /* FileService.swift */; };
		1E8BFE93FDBA58395987C186 /* CreateWalletViewModel.swift in Sources */ = {isa = PBXBuildFile; fileRef = 2F7B7D70B47800A0678D085C /* CreateWalletViewModel.swift */; };
		263F73DA9B2DFADD2CB42095 /* MainView.swift in Sources */ = {isa = PBXBuildFile; fileRef = F82FBEF6E43C4FE9940A4751 /* MainView.swift */; };
		29B9963D0C76F2C1FA546C18 /* SidebarView.swift in Sources */ = {isa = PBXBuildFile; fileRef = 2F1DB9A64CC2183067C3BF07 /* SidebarView.swift */; };
		2AED2DAB41DE93C1B4ACB611 /* Constants.swift in Sources */ = {isa = PBXBuildFile; fileRef = 13EDD51F1438F4033300317F /* Constants.swift */; };
		2F1307C65C2557754847E5D1 /* CreateWalletFlow.swift in Sources */ = {isa = PBXBuildFile; fileRef = B602523862FCBC1984E361C9 /* CreateWalletFlow.swift */; };
		36E194FDB22CABB962E6A31D /* WelcomeView.swift in Sources */ = {isa = PBXBuildFile; fileRef = 76351788A7E1E167BA60BBA8 /* WelcomeView.swift */; };
		3785B0D47E21DB878DBC3BD5 /* Chain.swift in Sources */ = {isa = PBXBuildFile; fileRef = BA49B4A5D96C8567575C5A6C /* Chain.swift */; };
		417EBE455FE5E1F59EA0496B /* RestoreView.swift in Sources */ = {isa = PBXBuildFile; fileRef = 9FB19476889265347D1F0296 /* RestoreView.swift */; };
		46ED42ED64CA0FB0AA28D611 /* CLIBridge.swift in Sources */ = {isa = PBXBuildFile; fileRef = A7547913023FB39C976DA3FB /* CLIBridge.swift */; };
		4F9A4B91B6EF2702E1F099A9 /* ImportWalletViewModel.swift in Sources */ = {isa = PBXBuildFile; fileRef = D9AF752C53B2BA129E24059B /* ImportWalletViewModel.swift */; };
		7506F8D9E17DA1577F3A1518 /* Wallet.swift in Sources */ = {isa = PBXBuildFile; fileRef = 3DD436DAEA0FE29B54C49283 /* Wallet.swift */; };
		92C75607692F7CD6C1EABA6F /* ImportWalletFlow.swift in Sources */ = {isa = PBXBuildFile; fileRef = 3A501E8032A1DFCCA3665681 /* ImportWalletFlow.swift */; };
		9B949E7EB1E44A72D25A2360 /* BackupService.swift in Sources */ = {isa = PBXBuildFile; fileRef = 2715E7675F6C248CD0A0AA47 /* BackupService.swift */; };
		9F039A0C1049BE919643121F /* BackupView.swift in Sources */ = {isa = PBXBuildFile; fileRef = 53AA71008465FCC7512A28F3 /* BackupView.swift */; };
		A5AC9AAEDAF0F94F014EFF4E /* BackupViewModel.swift in Sources */ = {isa = PBXBuildFile; fileRef = 3FCB36A44A23ACCBCF1441D3 /* BackupViewModel.swift */; };
		C61431624BADBC35371D53E1 /* WalletStore.swift in Sources */ = {isa = PBXBuildFile; fileRef = 6579BF14E491C12A49015FFA /* WalletStore.swift */; };
		CD54E3539FF666C454C00F5E /* KeychainService.swift in Sources */ = {isa = PBXBuildFile; fileRef = A70AD26EA47257DBF650A0C6 /* KeychainService.swift */; };
		D51F1366AC86DC5E0FEDB72B /* WalletListView.swift in Sources */ = {isa = PBXBuildFile; fileRef = 993522D6E91DB664B1CCE8E9 /* WalletListView.swift */; };
		DD06FF46E9D449BDBB326035 /* AppState.swift in Sources */ = {isa = PBXBuildFile; fileRef = 77403F103E92319789BAE7A5 /* AppState.swift */; };
		DFD16A804FC73B04818AEE26 /* SettingsView.swift in Sources */ = {isa = PBXBuildFile; fileRef = D9044311D4D4A681EC6D9DA0 /* SettingsView.swift */; };
		E81D85473F4293AAA244B60B /* CryptoService.swift in Sources */ = {isa = PBXBuildFile; fileRef = 56E6AA1D6454C27417A8F533 /* CryptoService.swift */; };
		F29047D051D5EE45BDA27D4D /* DashboardView.swift in Sources */ = {isa = PBXBuildFile; fileRef = C578005DF1E9F5C0EB94F2B4 /* DashboardView.swift */; };
		F2951D6D6970EEDDD6EAA6A6 /* WalletDetailView.swift in Sources */ = {isa = PBXBuildFile; fileRef = 84C737929C146175FBE852D1 /* WalletDetailView.swift */; };
		F408896F412200E914BCB03D /* Extensions.swift in Sources */ = {isa = PBXBuildFile; fileRef = A8F10F99FD72F29ADE56E1AF /* Extensions.swift */; };
/* End PBXBuildFile section */

/* Begin PBXFileReference section */
		13EDD51F1438F4033300317F /* Constants.swift */ = {isa = PBXFileReference; lastKnownFileType = sourcecode.swift; path = Constants.swift; sourceTree = "<group>"; };
		2715E7675F6C248CD0A0AA47 /* BackupService.swift */ = {isa = PBXFileReference; lastKnownFileType = sourcecode.swift; path = BackupService.swift; sourceTree = "<group>"; };
		2F1DB9A64CC2183067C3BF07 /* SidebarView.swift */ = {isa = PBXFileReference; lastKnownFileType = sourcecode.swift; path = SidebarView.swift; sourceTree = "<group>"; };
		2F7B7D70B47800A0678D085C /* CreateWalletViewModel.swift */ = {isa = PBXFileReference; lastKnownFileType = sourcecode.swift; path = CreateWalletViewModel.swift; sourceTree = "<group>"; };
		3A501E8032A1DFCCA3665681 /* ImportWalletFlow.swift */ = {isa = PBXFileReference; lastKnownFileType = sourcecode.swift; path = ImportWalletFlow.swift; sourceTree = "<group>"; };
		3DD436DAEA0FE29B54C49283 /* Wallet.swift */ = {isa = PBXFileReference; lastKnownFileType = sourcecode.swift; path = Wallet.swift; sourceTree = "<group>"; };
		3FCB36A44A23ACCBCF1441D3 /* BackupViewModel.swift */ = {isa = PBXFileReference; lastKnownFileType = sourcecode.swift; path = BackupViewModel.swift; sourceTree = "<group>"; };
		47BD1F82BDFCEA684D7625B2 /* FileService.swift */ = {isa = PBXFileReference; lastKnownFileType = sourcecode.swift; path = FileService.swift; sourceTree = "<group>"; };
		53AA71008465FCC7512A28F3 /* BackupView.swift */ = {isa = PBXFileReference; lastKnownFileType = sourcecode.swift; path = BackupView.swift; sourceTree = "<group>"; };
		56E6AA1D6454C27417A8F533 /* CryptoService.swift */ = {isa = PBXFileReference; lastKnownFileType = sourcecode.swift; path = CryptoService.swift; sourceTree = "<group>"; };
		6579BF14E491C12A49015FFA /* WalletStore.swift */ = {isa = PBXFileReference; lastKnownFileType = sourcecode.swift; path = WalletStore.swift; sourceTree = "<group>"; };
		6F3668985FBC310236428160 /* AgentVaultWallet.app */ = {isa = PBXFileReference; explicitFileType = wrapper.application; includeInIndex = 0; path = AgentVaultWallet.app; sourceTree = BUILT_PRODUCTS_DIR; };
		76351788A7E1E167BA60BBA8 /* WelcomeView.swift */ = {isa = PBXFileReference; lastKnownFileType = sourcecode.swift; path = WelcomeView.swift; sourceTree = "<group>"; };
		77403F103E92319789BAE7A5 /* AppState.swift */ = {isa = PBXFileReference; lastKnownFileType = sourcecode.swift; path = AppState.swift; sourceTree = "<group>"; };
		7C81305B565E2E66164DE768 /* AgentVaultWalletApp.swift */ = {isa = PBXFileReference; lastKnownFileType = sourcecode.swift; path = AgentVaultWalletApp.swift; sourceTree = "<group>"; };
		84C737929C146175FBE852D1 /* WalletDetailView.swift */ = {isa = PBXFileReference; lastKnownFileType = sourcecode.swift; path = WalletDetailView.swift; sourceTree = "<group>"; };
		993522D6E91DB664B1CCE8E9 /* WalletListView.swift */ = {isa = PBXFileReference; lastKnownFileType = sourcecode.swift; path = WalletListView.swift; sourceTree = "<group>"; };
		9FB19476889265347D1F0296 /* RestoreView.swift */ = {isa = PBXFileReference; lastKnownFileType = sourcecode.swift; path = RestoreView.swift; sourceTree = "<group>"; };
		A70AD26EA47257DBF650A0C6 /* KeychainService.swift */ = {isa = PBXFileReference; lastKnownFileType = sourcecode.swift; path = KeychainService.swift; sourceTree = "<group>"; };
		A7547913023FB39C976DA3FB /* CLIBridge.swift */ = {isa = PBXFileReference; lastKnownFileType = sourcecode.swift; path = CLIBridge.swift; sourceTree = "<group>"; };
		A8F10F99FD72F29ADE56E1AF /* Extensions.swift */ = {isa = PBXFileReference; lastKnownFileType = sourcecode.swift; path = Extensions.swift; sourceTree = "<group>"; };
		B602523862FCBC1984E361C9 /* CreateWalletFlow.swift */ = {isa = PBXFileReference; lastKnownFileType = sourcecode.swift; path = CreateWalletFlow.swift; sourceTree = "<group>"; };
		BA49B4A5D96C8567575C5A6C /* Chain.swift */ = {isa = PBXFileReference; lastKnownFileType = sourcecode.swift; path = Chain.swift; sourceTree = "<group>"; };
		C578005DF1E9F5C0EB94F2B4 /* DashboardView.swift */ = {isa = PBXFileReference; lastKnownFileType = sourcecode.swift; path = DashboardView.swift; sourceTree = "<group>"; };
		D9044311D4D4A681EC6D9DA0 /* SettingsView.swift */ = {isa = PBXFileReference; lastKnownFileType = sourcecode.swift; path = SettingsView.swift; sourceTree = "<group>"; };
		D9AF752C53B2BA129E24059B /* ImportWalletViewModel.swift */ = {isa = PBXFileReference; lastKnownFileType = sourcecode.swift; path = ImportWalletViewModel.swift; sourceTree = "<group>"; };
		E7E9B3BC9F10C901D1182129 /* Info.plist */ = {isa = PBXFileReference; lastKnownFileType = text.plist; path = Info.plist; sourceTree = "<group>"; };
		F82FBEF6E43C4FE9940A4751 /* MainView.swift */ = {isa = PBXFileReference; lastKnownFileType = sourcecode.swift; path = MainView.swift; sourceTree = "<group>"; };
		FCBF845B4D8A71F4D742E554 /* AgentVaultWallet.entitlements */ = {isa = PBXFileReference; lastKnownFileType = text.plist.entitlements; path = AgentVaultWallet.entitlements; sourceTree = "<group>"; };
/* End PBXFileReference section */

/* Begin PBXGroup section */
		0664A46F68536F21B1707569 /* App */ = {
			isa = PBXGroup;
			children = (
				7C81305B565E2E66164DE768 /* AgentVaultWalletApp.swift */,
			);
			path = App;
			sourceTree = "<group>";
		};
		0EAE03877932386F3D8E2AC9 /* Create */ = {
			isa = PBXGroup;
			children = (
				B602523862FCBC1984E361C9 /* CreateWalletFlow.swift */,
			);
			path = Create;
			sourceTree = "<group>";
		};
		16BE5D1DAA3BF6D80EB13C8D /* Resources */ = {
			isa = PBXGroup;
			children = (
				FCBF845B4D8A71F4D742E554 /* AgentVaultWallet.entitlements */,
				E7E9B3BC9F10C901D1182129 /* Info.plist */,
			);
			path = Resources;
			sourceTree = "<group>";
		};
		275977E94E59FABF55AA258A /* AgentVaultWallet */ = {
			isa = PBXGroup;
			children = (
				0664A46F68536F21B1707569 /* App */,
				68CE89AC7E75C148D5BBA70B /* Models */,
				16BE5D1DAA3BF6D80EB13C8D /* Resources */,
				F6D2C7400460733BDB975F52 /* Services */,
				F7BECB261A1CDFB415CE7A80 /* Utilities */,
				2DC41E9B985A87958D003F39 /* ViewModels */,
				82A4F37766133E441DEAE45B /* Views */,
			);
			path = AgentVaultWallet;
			sourceTree = "<group>";
		};
		2DC41E9B985A87958D003F39 /* ViewModels */ = {
			isa = PBXGroup;
			children = (
				3FCB36A44A23ACCBCF1441D3 /* BackupViewModel.swift */,
				2F7B7D70B47800A0678D085C /* CreateWalletViewModel.swift */,
				D9AF752C53B2BA129E24059B /* ImportWalletViewModel.swift */,
				6579BF14E491C12A49015FFA /* WalletStore.swift */,
			);
			path = ViewModels;
			sourceTree = "<group>";
		};
		453EABFCAA12473F9C621B16 /* Backup */ = {
			isa = PBXGroup;
			children = (
				53AA71008465FCC7512A28F3 /* BackupView.swift */,
				9FB19476889265347D1F0296 /* RestoreView.swift */,
			);
			path = Backup;
			sourceTree = "<group>";
		};
		572C07BF728B1B24F2095D23 /* Products */ = {
			isa = PBXGroup;
			children = (
				6F3668985FBC310236428160 /* AgentVaultWallet.app */,
			);
			name = Products;
			sourceTree = "<group>";
		};
		5853E389D4C1DF99D9ED858A /* Settings */ = {
			isa = PBXGroup;
			children = (
				D9044311D4D4A681EC6D9DA0 /* SettingsView.swift */,
			);
			path = Settings;
			sourceTree = "<group>";
		};
		65A8D22C2283C0A2485C4441 /* Sidebar */ = {
			isa = PBXGroup;
			children = (
				2F1DB9A64CC2183067C3BF07 /* SidebarView.swift */,
			);
			path = Sidebar;
			sourceTree = "<group>";
		};
		68CE89AC7E75C148D5BBA70B /* Models */ = {
			isa = PBXGroup;
			children = (
				77403F103E92319789BAE7A5 /* AppState.swift */,
				BA49B4A5D96C8567575C5A6C /* Chain.swift */,
				3DD436DAEA0FE29B54C49283 /* Wallet.swift */,
			);
			path = Models;
			sourceTree = "<group>";
		};
		82A4F37766133E441DEAE45B /* Views */ = {
			isa = PBXGroup;
			children = (
				F82FBEF6E43C4FE9940A4751 /* MainView.swift */,
				453EABFCAA12473F9C621B16 /* Backup */,
				0EAE03877932386F3D8E2AC9 /* Create */,
				96D44669D6A93E9E1C2DC7F8 /* Import */,
				5853E389D4C1DF99D9ED858A /* Settings */,
				65A8D22C2283C0A2485C4441 /* Sidebar */,
				D10A3114BE546549B2C018FB /* Wallet */,
				95D97C8094AECE3A182066F2 /* Welcome */,
			);
			path = Views;
			sourceTree = "<group>";
		};
		95D97C8094AECE3A182066F2 /* Welcome */ = {
			isa = PBXGroup;
			children = (
				76351788A7E1E167BA60BBA8 /* WelcomeView.swift */,
			);
			path = Welcome;
			sourceTree = "<group>";
		};
		96D44669D6A93E9E1C2DC7F8 /* Import */ = {
			isa = PBXGroup;
			children = (
				3A501E8032A1DFCCA3665681 /* ImportWalletFlow.swift */,
			);
			path = Import;
			sourceTree = "<group>";
		};
		B4AA5E1B95C8F04B36736C70 = {
			isa = PBXGroup;
			children = (
				275977E94E59FABF55AA258A /* AgentVaultWallet */,
				572C07BF728B1B24F2095D23 /* Products */,
			);
			sourceTree = "<group>";
		};
		D10A3114BE546549B2C018FB /* Wallet */ = {
			isa = PBXGroup;
			children = (
				C578005DF1E9F5C0EB94F2B4 /* DashboardView.swift */,
				84C737929C146175FBE852D1 /* WalletDetailView.swift */,
				993522D6E91DB664B1CCE8E9 /* WalletListView.swift */,
			);
			path = Wallet;
			sourceTree = "<group>";
		};
		F6D2C7400460733BDB975F52 /* Services */ = {
			isa = PBXGroup;
			children = (
				2715E7675F6C248CD0A0AA47 /* BackupService.swift */,
				A7547913023FB39C976DA3FB /* CLIBridge.swift */,
				56E6AA1D6454C27417A8F533 /* CryptoService.swift */,
				47BD1F82BDFCEA684D7625B2 /* FileService.swift */,
				A70AD26EA47257DBF650A0C6 /* KeychainService.swift */,
			);
			path = Services;
			sourceTree = "<group>";
		};
		F7BECB261A1CDFB415CE7A80 /* Utilities */ = {
			isa = PBXGroup;
			children = (
				13EDD51F1438F4033300317F /* Constants.swift */,
				A8F10F99FD72F29ADE56E1AF /* Extensions.swift */,
			);
			path = Utilities;
			sourceTree = "<group>";
		};
/* End PBXGroup section */

/* Begin PBXNativeTarget section */
		94B9B0BC0079BD9588D495B5 /* AgentVaultWallet */ = {
			isa = PBXNativeTarget;
			buildConfigurationList = 2FC576F0814E44955C69EA88 /* Build configuration list for PBXNativeTarget "AgentVaultWallet" */;
			buildPhases = (
				D8A1345B145069C6B513816C /* Sources */,
			);
			buildRules = (
			);
			dependencies = (
			);
			name = AgentVaultWallet;
			packageProductDependencies = (
			);
			productName = AgentVaultWallet;
			productReference = 6F3668985FBC310236428160 /* AgentVaultWallet.app */;
			productType = "com.apple.product-type.application";
		};
/* End PBXNativeTarget section */

/* Begin PBXProject section */
		E76E1E61EFD36C6933109130 /* Project object */ = {
			isa = PBXProject;
			attributes = {
				BuildIndependentTargetsInParallel = YES;
				LastUpgradeCheck = 1500;
				TargetAttributes = {
					94B9B0BC0079BD9588D495B5 = {
						ProvisioningStyle = Automatic;
					};
				};
			};
			buildConfigurationList = C4E1910ED9E7147B85996798 /* Build configuration list for PBXProject "AgentVaultWallet" */;
			compatibilityVersion = "Xcode 14.0";
			developmentRegion = en;
			hasScannedForEncodings = 0;
			knownRegions = (
				Base,
				en,
			);
			mainGroup = B4AA5E1B95C8F04B36736C70;
			minimizedProjectReferenceProxies = 1;
			preferredProjectObjectVersion = 77;
			projectDirPath = "";
			projectRoot = "";
			targets = (
				94B9B0BC0079BD9588D495B5 /* AgentVaultWallet */,
			);
		};
/* End PBXProject section */

/* Begin PBXSourcesBuildPhase section */
		D8A1345B145069C6B513816C /* Sources */ = {
			isa = PBXSourcesBuildPhase;
			buildActionMask = 2147483647;
			files = (
				02E452CAC4E7A0E311B96E31 /* AgentVaultWalletApp.swift in Sources */,
				DD06FF46E9D449BDBB326035 /* AppState.swift in Sources */,
				9B949E7EB1E44A72D25A2360 /* BackupService.swift in Sources */,
				9F039A0C1049BE919643121F /* BackupView.swift in Sources */,
				A5AC9AAEDAF0F94F014EFF4E /* BackupViewModel.swift in Sources */,
				46ED42ED64CA0FB0AA28D611 /* CLIBridge.swift in Sources */,
				3785B0D47E21DB878DBC3BD5 /* Chain.swift in Sources */,
				2AED2DAB41DE93C1B4ACB611 /* Constants.swift in Sources */,
				2F1307C65C2557754847E5D1 /* CreateWalletFlow.swift in Sources */,
				1E8BFE93FDBA58395987C186 /* CreateWalletViewModel.swift in Sources */,
				E81D85473F4293AAA244B60B /* CryptoService.swift in Sources */,
				F29047D051D5EE45BDA27D4D /* DashboardView.swift in Sources */,
				F408896F412200E914BCB03D /* Extensions.swift in Sources */,
				0BE93736849D82626EF9517E /* FileService.swift in Sources */,
				92C75607692F7CD6C1EABA6F /* ImportWalletFlow.swift in Sources */,
				4F9A4B91B6EF2702E1F099A9 /* ImportWalletViewModel.swift in Sources */,
				CD54E3539FF666C454C00F5E /* KeychainService.swift in Sources */,
				263F73DA9B2DFADD2CB42095 /* MainView.swift in Sources */,
				417EBE455FE5E1F59EA0496B /* RestoreView.swift in Sources */,
				DFD16A804FC73B04818AEE26 /* SettingsView.swift in Sources */,
				29B9963D0C76F2C1FA546C18 /* SidebarView.swift in Sources */,
				7506F8D9E17DA1577F3A1518 /* Wallet.swift in Sources */,
				F2951D6D6970EEDDD6EAA6A6 /* WalletDetailView.swift in Sources */,
				D51F1366AC86DC5E0FEDB72B /* WalletListView.swift in Sources */,
				C61431624BADBC35371D53E1 /* WalletStore.swift in Sources */,
				36E194FDB22CABB962E6A31D /* WelcomeView.swift in Sources */,
			);
			runOnlyForDeploymentPostprocessing = 0;
		};
/* End PBXSourcesBuildPhase section */

/* Begin XCBuildConfiguration section */
		6BB2D96AB56A6B0488B07171 /* Debug */ = {
			isa = XCBuildConfiguration;
			buildSettings = {
				ALWAYS_SEARCH_USER_PATHS = NO;
				CLANG_ANALYZER_NONNULL = YES;
				CLANG_ANALYZER_NUMBER_OBJECT_CONVERSION = YES_AGGRESSIVE;
				CLANG_CXX_LANGUAGE_STANDARD = "gnu++14";
				CLANG_CXX_LIBRARY = "libc++";
				CLANG_ENABLE_MODULES = YES;
				CLANG_ENABLE_OBJC_ARC = YES;
				CLANG_ENABLE_OBJC_WEAK = YES;
				CLANG_WARN_BLOCK_CAPTURE_AUTORELEASING = YES;
				CLANG_WARN_BOOL_CONVERSION = YES;
				CLANG_WARN_COMMA = YES;
				CLANG_WARN_CONSTANT_CONVERSION = YES;
				CLANG_WARN_DEPRECATED_OBJC_IMPLEMENTATIONS = YES;
				CLANG_WARN_DIRECT_OBJC_ISA_USAGE = YES_ERROR;
				CLANG_WARN_DOCUMENTATION_COMMENTS = YES;
				CLANG_WARN_EMPTY_BODY = YES;
				CLANG_WARN_ENUM_CONVERSION = YES;
				CLANG_WARN_INFINITE_RECURSION = YES;
				CLANG_WARN_INT_CONVERSION = YES;
				CLANG_WARN_NON_LITERAL_NULL_CONVERSION = YES;
				CLANG_WARN_OBJC_IMPLICIT_RETAIN_SELF = YES;
				CLANG_WARN_OBJC_LITERAL_CONVERSION = YES;
				CLANG_WARN_OBJC_ROOT_CLASS = YES_ERROR;
				CLANG_WARN_QUOTED_INCLUDE_IN_FRAMEWORK_HEADER = YES;
				CLANG_WARN_RANGE_LOOP_ANALYSIS = YES;
				CLANG_WARN_STRICT_PROTOTYPES = YES;
				CLANG_WARN_SUSPICIOUS_MOVE = YES;
				CLANG_WARN_UNGUARDED_AVAILABILITY = YES_AGGRESSIVE;
				CLANG_WARN_UNREACHABLE_CODE = YES;
				CLANG_WARN__DUPLICATE_METHOD_MATCH = YES;
				CODE_SIGN_STYLE = Automatic;
				COPY_PHASE_STRIP = NO;
				DEBUG_INFORMATION_FORMAT = dwarf;
				ENABLE_HARDENED_RUNTIME = YES;
				ENABLE_STRICT_OBJC_MSGSEND = YES;
				ENABLE_TESTABILITY = YES;
				GCC_C_LANGUAGE_STANDARD = gnu11;
				GCC_DYNAMIC_NO_PIC = NO;
				GCC_NO_COMMON_BLOCKS = YES;
				GCC_OPTIMIZATION_LEVEL = 0;
				GCC_PREPROCESSOR_DEFINITIONS = (
					"$(inherited)",
					"DEBUG=1",
				);
				GCC_WARN_64_TO_32_BIT_CONVERSION = YES;
				GCC_WARN_ABOUT_RETURN_TYPE = YES_ERROR;
				GCC_WARN_UNDECLARED_SELECTOR = YES;
				GCC_WARN_UNINITIALIZED_AUTOS = YES_AGGRESSIVE;
				GCC_WARN_UNUSED_FUNCTION = YES;
				GCC_WARN_UNUSED_VARIABLE = YES;
				MACOSX_DEPLOYMENT_TARGET = 14.0;
				MTL_ENABLE_DEBUG_INFO = INCLUDE_SOURCE;
				MTL_FAST_MATH = YES;
				ONLY_ACTIVE_ARCH = YES;
				PRODUCT_NAME = "$(TARGET_NAME)";
				SDKROOT = macosx;
				SWIFT_ACTIVE_COMPILATION_CONDITIONS = DEBUG;
				SWIFT_OPTIMIZATION_LEVEL = "-Onone";
				SWIFT_VERSION = 5.9;
			};
			name = Debug;
		};
		9E8B308DFF6E9641EB369F35 /* Release */ = {
			isa = XCBuildConfiguration;
			buildSettings = {
				ALWAYS_SEARCH_USER_PATHS = NO;
				CLANG_ANALYZER_NONNULL = YES;
				CLANG_ANALYZER_NUMBER_OBJECT_CONVERSION = YES_AGGRESSIVE;
				CLANG_CXX_LANGUAGE_STANDARD = "gnu++14";
				CLANG_CXX_LIBRARY = "libc++";
				CLANG_ENABLE_MODULES = YES;
				CLANG_ENABLE_OBJC_ARC = YES;
				CLANG_ENABLE_OBJC_WEAK = YES;
				CLANG_WARN_BLOCK_CAPTURE_AUTORELEASING = YES;
				CLANG_WARN_BOOL_CONVERSION = YES;
				CLANG_WARN_COMMA = YES;
				CLANG_WARN_CONSTANT_CONVERSION = YES;
				CLANG_WARN_DEPRECATED_OBJC_IMPLEMENTATIONS = YES;
				CLANG_WARN_DIRECT_OBJC_ISA_USAGE = YES_ERROR;
				CLANG_WARN_DOCUMENTATION_COMMENTS = YES;
				CLANG_WARN_EMPTY_BODY = YES;
				CLANG_WARN_ENUM_CONVERSION = YES;
				CLANG_WARN_INFINITE_RECURSION = YES;
				CLANG_WARN_INT_CONVERSION = YES;
				CLANG_WARN_NON_LITERAL_NULL_CONVERSION = YES;
				CLANG_WARN_OBJC_IMPLICIT_RETAIN_SELF = YES;
				CLANG_WARN_OBJC_LITERAL_CONVERSION = YES;
				CLANG_WARN_OBJC_ROOT_CLASS = YES_ERROR;
				CLANG_WARN_QUOTED_INCLUDE_IN_FRAMEWORK_HEADER = YES;
				CLANG_WARN_RANGE_LOOP_ANALYSIS = YES;
				CLANG_WARN_STRICT_PROTOTYPES = YES;
				CLANG_WARN_SUSPICIOUS_MOVE = YES;
				CLANG_WARN_UNGUARDED_AVAILABILITY = YES_AGGRESSIVE;
				CLANG_WARN_UNREACHABLE_CODE = YES;
				CLANG_WARN__DUPLICATE_METHOD_MATCH = YES;
				CODE_SIGN_STYLE = Automatic;
				COPY_PHASE_STRIP = NO;
				DEBUG_INFORMATION_FORMAT = "dwarf-with-dsym";
				ENABLE_HARDENED_RUNTIME = YES;
				ENABLE_NS_ASSERTIONS = NO;
				ENABLE_STRICT_OBJC_MSGSEND = YES;
				GCC_C_LANGUAGE_STANDARD = gnu11;
				GCC_NO_COMMON_BLOCKS = YES;
				GCC_WARN_64_TO_32_BIT_CONVERSION = YES;
				GCC_WARN_ABOUT_RETURN_TYPE = YES_ERROR;
				GCC_WARN_UNDECLARED_SELECTOR = YES;
				GCC_WARN_UNINITIALIZED_AUTOS = YES_AGGRESSIVE;
				GCC_WARN_UNUSED_FUNCTION = YES;
				GCC_WARN_UNUSED_VARIABLE = YES;
				MACOSX_DEPLOYMENT_TARGET = 14.0;
				MTL_ENABLE_DEBUG_INFO = NO;
				MTL_FAST_MATH = YES;
				PRODUCT_NAME = "$(TARGET_NAME)";
				SDKROOT = macosx;
				SWIFT_COMPILATION_MODE = wholemodule;
				SWIFT_OPTIMIZATION_LEVEL = "-O";
				SWIFT_VERSION = 5.9;
			};
			name = Release;
		};
		9FE48AABEB6C3489E7FFFB6B /* Release */ = {
			isa = XCBuildConfiguration;
			buildSettings = {
				ASSETCATALOG_COMPILER_APPICON_NAME = AppIcon;
				CODE_SIGN_ENTITLEMENTS = AgentVaultWallet/Resources/AgentVaultWallet.entitlements;
				COMBINE_HIDPI_IMAGES = YES;
				INFOPLIST_FILE = AgentVaultWallet/Resources/Info.plist;
				LD_RUNPATH_SEARCH_PATHS = (
					"$(inherited)",
					"@executable_path/../Frameworks",
				);
				PRODUCT_BUNDLE_IDENTIFIER = com.agentvault.wallet;
				PRODUCT_NAME = "AgentVault Wallet";
				SDKROOT = macosx;
			};
			name = Release;
		};
		E66216B3B048AB50872436AF /* Debug */ = {
			isa = XCBuildConfiguration;
			buildSettings = {
				ASSETCATALOG_COMPILER_APPICON_NAME = AppIcon;
				CODE_SIGN_ENTITLEMENTS = AgentVaultWallet/Resources/AgentVaultWallet.entitlements;
				COMBINE_HIDPI_IMAGES = YES;
				INFOPLIST_FILE = AgentVaultWallet/Resources/Info.plist;
				LD_RUNPATH_SEARCH_PATHS = (
					"$(inherited)",
					"@executable_path/../Frameworks",
				);
				PRODUCT_BUNDLE_IDENTIFIER = com.agentvault.wallet;
				PRODUCT_NAME = "AgentVault Wallet";
				SDKROOT = macosx;
			};
			name = Debug;
		};
/* End XCBuildConfiguration section */

/* Begin XCConfigurationList section */
		2FC576F0814E44955C69EA88 /* Build configuration list for PBXNativeTarget "AgentVaultWallet" */ = {
			isa = XCConfigurationList;
			buildConfigurations = (
				E66216B3B048AB50872436AF /* Debug */,
				9FE48AABEB6C3489E7FFFB6B /* Release */,
			);
			defaultConfigurationIsVisible = 0;
			defaultConfigurationName = Debug;
		};
		C4E1910ED9E7147B85996798 /* Build configuration list for PBXProject "AgentVaultWallet" */ = {
			isa = XCConfigurationList;
			buildConfigurations = (
				6BB2D96AB56A6B0488B07171 /* Debug */,
				9E8B308DFF6E9641EB369F35 /* Release */,
			);
			defaultConfigurationIsVisible = 0;
			defaultConfigurationName = Debug;
		};
/* End XCConfigurationList section */
	};
	rootObject = E76E1E61EFD36C6933109130 /* Project object */;
}
